// !$*UTF8*$!
{
	archiveVersion = 1;
	classes = {
	};
	objectVersion = 46;
	objects = {

/* Begin PBXBuildFile section */
		3EED4ADFD63EA1DE84642582 /* libPods-MuzOn.a in Frameworks */ = {isa = PBXBuildFile; fileRef = F074AE7BF2E39347503C64F4 /* libPods-MuzOn.a */; };
		7A1885D11BD29ACD007E7DF7 /* StoryboardConstants.m in Sources */ = {isa = PBXBuildFile; fileRef = 7A1885D01BD29ACD007E7DF7 /* StoryboardConstants.m */; settings = {ASSET_TAGS = (); }; };
		7A1885D91BD2A107007E7DF7 /* Main.storyboard in Resources */ = {isa = PBXBuildFile; fileRef = 7A1885D71BD2A107007E7DF7 /* Main.storyboard */; settings = {ASSET_TAGS = (); }; };
		7A1885DA1BD2A107007E7DF7 /* LaunchScreen.storyboard in Resources */ = {isa = PBXBuildFile; fileRef = 7A1885D81BD2A107007E7DF7 /* LaunchScreen.storyboard */; settings = {ASSET_TAGS = (); }; };
		7A1885DE1BD2A25F007E7DF7 /* main.m in Sources */ = {isa = PBXBuildFile; fileRef = 7A1885DC1BD2A25F007E7DF7 /* main.m */; settings = {ASSET_TAGS = (); }; };
		7A1885E11BD2BC74007E7DF7 /* INVAudioSaver.m in Sources */ = {isa = PBXBuildFile; fileRef = 7A1885E01BD2BC74007E7DF7 /* INVAudioSaver.m */; settings = {ASSET_TAGS = (); }; };
		7A2FFDAE1BCB2C5F0073283B /* INVAudioSingleModel.m in Sources */ = {isa = PBXBuildFile; fileRef = 7A2FFDAD1BCB2C5F0073283B /* INVAudioSingleModel.m */; settings = {ASSET_TAGS = (); }; };
		7A2FFDB11BCB2C930073283B /* INVAudioSingleVC.m in Sources */ = {isa = PBXBuildFile; fileRef = 7A2FFDB01BCB2C930073283B /* INVAudioSingleVC.m */; settings = {ASSET_TAGS = (); }; };
		7ABC91A01BC9CE66004AFF01 /* INVAudioListCell.m in Sources */ = {isa = PBXBuildFile; fileRef = 7ABC919F1BC9CE66004AFF01 /* INVAudioListCell.m */; settings = {ASSET_TAGS = (); }; };
		7ABC91A31BC9CE85004AFF01 /* INVAudioListCellModel.m in Sources */ = {isa = PBXBuildFile; fileRef = 7ABC91A21BC9CE85004AFF01 /* INVAudioListCellModel.m */; settings = {ASSET_TAGS = (); }; };
		7ACC3FD71BCA457A0009011F /* INVVKManager.m in Sources */ = {isa = PBXBuildFile; fileRef = 7ACC3FD51BCA457A0009011F /* INVVKManager.m */; settings = {ASSET_TAGS = (); }; };
		7ACC3FDC1BCA48430009011F /* INVAudio+CoreDataProperties.m in Sources */ = {isa = PBXBuildFile; fileRef = 7ACC3FD91BCA48430009011F /* INVAudio+CoreDataProperties.m */; settings = {ASSET_TAGS = (); }; };
		7ACC3FDD1BCA48430009011F /* INVAudio.m in Sources */ = {isa = PBXBuildFile; fileRef = 7ACC3FDB1BCA48430009011F /* INVAudio.m */; settings = {ASSET_TAGS = (); }; };
		7ACC3FE11BCA4EEC0009011F /* INVAudioService.m in Sources */ = {isa = PBXBuildFile; fileRef = 7ACC3FE01BCA4EEC0009011F /* INVAudioService.m */; settings = {ASSET_TAGS = (); }; };
		7ACC3FE31BCA506F0009011F /* AVFoundation.framework in Frameworks */ = {isa = PBXBuildFile; fileRef = 7ACC3FE21BCA506F0009011F /* AVFoundation.framework */; };
		7AD0E4651BB376EB007B775B /* AppDelegate.m in Sources */ = {isa = PBXBuildFile; fileRef = 7AD0E4641BB376EB007B775B /* AppDelegate.m */; };
		7AD0E46E1BB376EB007B775B /* MuzOn.xcdatamodeld in Sources */ = {isa = PBXBuildFile; fileRef = 7AD0E46C1BB376EB007B775B /* MuzOn.xcdatamodeld */; };
		7AD0E4701BB376EB007B775B /* Assets.xcassets in Resources */ = {isa = PBXBuildFile; fileRef = 7AD0E46F1BB376EB007B775B /* Assets.xcassets */; };
		7AD0E47E1BB376EB007B775B /* MuzOnTests.m in Sources */ = {isa = PBXBuildFile; fileRef = 7AD0E47D1BB376EB007B775B /* MuzOnTests.m */; };
		7AD0E4891BB376EB007B775B /* MuzOnUITests.m in Sources */ = {isa = PBXBuildFile; fileRef = 7AD0E4881BB376EB007B775B /* MuzOnUITests.m */; };
		7AD3F6CF1BC9E1EF00DA8F66 /* INVMenuScreen.m in Sources */ = {isa = PBXBuildFile; fileRef = 7AD3F6CE1BC9E1EF00DA8F66 /* INVMenuScreen.m */; settings = {ASSET_TAGS = (); }; };
		7AD3F6D41BC9E22A00DA8F66 /* INVAudioListVC.m in Sources */ = {isa = PBXBuildFile; fileRef = 7AD3F6D11BC9E22A00DA8F66 /* INVAudioListVC.m */; settings = {ASSET_TAGS = (); }; };
		7AD3F6D51BC9E22A00DA8F66 /* INVAudioListModel.m in Sources */ = {isa = PBXBuildFile; fileRef = 7AD3F6D31BC9E22A00DA8F66 /* INVAudioListModel.m */; settings = {ASSET_TAGS = (); }; };
		7AD3F6F51BC9EE0000DA8F66 /* CoreDataService.m in Sources */ = {isa = PBXBuildFile; fileRef = 7AD3F6F41BC9EE0000DA8F66 /* CoreDataService.m */; settings = {ASSET_TAGS = (); }; };
		7AD3F6F71BC9EF0E00DA8F66 /* CoreData.framework in Frameworks */ = {isa = PBXBuildFile; fileRef = 7AD3F6F61BC9EF0E00DA8F66 /* CoreData.framework */; };
/* End PBXBuildFile section */

/* Begin PBXContainerItemProxy section */
		7AD0E47A1BB376EB007B775B /* PBXContainerItemProxy */ = {
			isa = PBXContainerItemProxy;
			containerPortal = 7AD0E4551BB376EB007B775B /* Project object */;
			proxyType = 1;
			remoteGlobalIDString = 7AD0E45C1BB376EB007B775B;
			remoteInfo = MuzOn;
		};
		7AD0E4851BB376EB007B775B /* PBXContainerItemProxy */ = {
			isa = PBXContainerItemProxy;
			containerPortal = 7AD0E4551BB376EB007B775B /* Project object */;
			proxyType = 1;
			remoteGlobalIDString = 7AD0E45C1BB376EB007B775B;
			remoteInfo = MuzOn;
		};
/* End PBXContainerItemProxy section */

/* Begin PBXFileReference section */
		3F6694F02528D26EA01B41B4 /* Pods-MuzOn.release.xcconfig */ = {isa = PBXFileReference; includeInIndex = 1; lastKnownFileType = text.xcconfig; name = "Pods-MuzOn.release.xcconfig"; path = "Pods/Target Support Files/Pods-MuzOn/Pods-MuzOn.release.xcconfig"; sourceTree = "<group>"; };
		4B7FB4A977D298E5A6C65156 /* Pods-MuzOn.debug.xcconfig */ = {isa = PBXFileReference; includeInIndex = 1; lastKnownFileType = text.xcconfig; name = "Pods-MuzOn.debug.xcconfig"; path = "Pods/Target Support Files/Pods-MuzOn/Pods-MuzOn.debug.xcconfig"; sourceTree = "<group>"; };
		7A1885CF1BD29ACD007E7DF7 /* StoryboardConstants.h */ = {isa = PBXFileReference; fileEncoding = 4; lastKnownFileType = sourcecode.c.h; name = StoryboardConstants.h; path = Resource/Constants/StoryboardConstants.h; sourceTree = "<group>"; };
		7A1885D01BD29ACD007E7DF7 /* StoryboardConstants.m */ = {isa = PBXFileReference; fileEncoding = 4; lastKnownFileType = sourcecode.c.objc; name = StoryboardConstants.m; path = Resource/Constants/StoryboardConstants.m; sourceTree = "<group>"; };
		7A1885D71BD2A107007E7DF7 /* Main.storyboard */ = {isa = PBXFileReference; fileEncoding = 4; lastKnownFileType = file.storyboard; name = Main.storyboard; path = Storyboard/Main.storyboard; sourceTree = "<group>"; };
		7A1885D81BD2A107007E7DF7 /* LaunchScreen.storyboard */ = {isa = PBXFileReference; fileEncoding = 4; lastKnownFileType = file.storyboard; name = LaunchScreen.storyboard; path = Storyboard/LaunchScreen.storyboard; sourceTree = "<group>"; };
		7A1885DC1BD2A25F007E7DF7 /* main.m */ = {isa = PBXFileReference; fileEncoding = 4; lastKnownFileType = sourcecode.c.objc; name = main.m; path = "Supporting Files/main.m"; sourceTree = "<group>"; };
		7A1885DD1BD2A25F007E7DF7 /* MuzOn.pch */ = {isa = PBXFileReference; fileEncoding = 4; lastKnownFileType = sourcecode.c.h; name = MuzOn.pch; path = "Supporting Files/MuzOn.pch"; sourceTree = "<group>"; };
		7A1885DF1BD2BC74007E7DF7 /* INVAudioSaver.h */ = {isa = PBXFileReference; fileEncoding = 4; lastKnownFileType = sourcecode.c.h; name = INVAudioSaver.h; path = AudioService/INVAudioSaver.h; sourceTree = "<group>"; };
		7A1885E01BD2BC74007E7DF7 /* INVAudioSaver.m */ = {isa = PBXFileReference; fileEncoding = 4; lastKnownFileType = sourcecode.c.objc; name = INVAudioSaver.m; path = AudioService/INVAudioSaver.m; sourceTree = "<group>"; };
		7A2FFDAC1BCB2C5F0073283B /* INVAudioSingleModel.h */ = {isa = PBXFileReference; fileEncoding = 4; lastKnownFileType = sourcecode.c.h; name = INVAudioSingleModel.h; path = Screens/AudioSingle/INVAudioSingleModel.h; sourceTree = "<group>"; };
		7A2FFDAD1BCB2C5F0073283B /* INVAudioSingleModel.m */ = {isa = PBXFileReference; fileEncoding = 4; lastKnownFileType = sourcecode.c.objc; name = INVAudioSingleModel.m; path = Screens/AudioSingle/INVAudioSingleModel.m; sourceTree = "<group>"; };
		7A2FFDAF1BCB2C930073283B /* INVAudioSingleVC.h */ = {isa = PBXFileReference; fileEncoding = 4; lastKnownFileType = sourcecode.c.h; name = INVAudioSingleVC.h; path = Screens/AudioSingle/INVAudioSingleVC.h; sourceTree = "<group>"; };
		7A2FFDB01BCB2C930073283B /* INVAudioSingleVC.m */ = {isa = PBXFileReference; fileEncoding = 4; lastKnownFileType = sourcecode.c.objc; name = INVAudioSingleVC.m; path = Screens/AudioSingle/INVAudioSingleVC.m; sourceTree = "<group>"; };
		7ABC919E1BC9CE66004AFF01 /* INVAudioListCell.h */ = {isa = PBXFileReference; fileEncoding = 4; lastKnownFileType = sourcecode.c.h; name = INVAudioListCell.h; path = Screens/AudioList/AudioListCell/INVAudioListCell.h; sourceTree = "<group>"; };
		7ABC919F1BC9CE66004AFF01 /* INVAudioListCell.m */ = {isa = PBXFileReference; fileEncoding = 4; lastKnownFileType = sourcecode.c.objc; name = INVAudioListCell.m; path = Screens/AudioList/AudioListCell/INVAudioListCell.m; sourceTree = "<group>"; };
		7ABC91A11BC9CE85004AFF01 /* INVAudioListCellModel.h */ = {isa = PBXFileReference; fileEncoding = 4; lastKnownFileType = sourcecode.c.h; name = INVAudioListCellModel.h; path = Screens/AudioList/AudioListCell/INVAudioListCellModel.h; sourceTree = "<group>"; };
		7ABC91A21BC9CE85004AFF01 /* INVAudioListCellModel.m */ = {isa = PBXFileReference; fileEncoding = 4; lastKnownFileType = sourcecode.c.objc; name = INVAudioListCellModel.m; path = Screens/AudioList/AudioListCell/INVAudioListCellModel.m; sourceTree = "<group>"; };
		7ACC3FD51BCA457A0009011F /* INVVKManager.m */ = {isa = PBXFileReference; fileEncoding = 4; lastKnownFileType = sourcecode.c.objc; name = INVVKManager.m; path = VKService/INVVKManager.m; sourceTree = "<group>"; };
		7ACC3FD61BCA457A0009011F /* INVVKManager.h */ = {isa = PBXFileReference; fileEncoding = 4; lastKnownFileType = sourcecode.c.h; name = INVVKManager.h; path = VKService/INVVKManager.h; sourceTree = "<group>"; };
		7ACC3FD81BCA48430009011F /* INVAudio+CoreDataProperties.h */ = {isa = PBXFileReference; fileEncoding = 4; lastKnownFileType = sourcecode.c.h; name = "INVAudio+CoreDataProperties.h"; path = "CoreData/Entities/INVAudio+CoreDataProperties.h"; sourceTree = "<group>"; };
		7ACC3FD91BCA48430009011F /* INVAudio+CoreDataProperties.m */ = {isa = PBXFileReference; fileEncoding = 4; lastKnownFileType = sourcecode.c.objc; name = "INVAudio+CoreDataProperties.m"; path = "CoreData/Entities/INVAudio+CoreDataProperties.m"; sourceTree = "<group>"; };
		7ACC3FDA1BCA48430009011F /* INVAudio.h */ = {isa = PBXFileReference; fileEncoding = 4; lastKnownFileType = sourcecode.c.h; name = INVAudio.h; path = CoreData/Entities/INVAudio.h; sourceTree = "<group>"; };
		7ACC3FDB1BCA48430009011F /* INVAudio.m */ = {isa = PBXFileReference; fileEncoding = 4; lastKnownFileType = sourcecode.c.objc; name = INVAudio.m; path = CoreData/Entities/INVAudio.m; sourceTree = "<group>"; };
		7ACC3FDF1BCA4EEC0009011F /* INVAudioService.h */ = {isa = PBXFileReference; fileEncoding = 4; lastKnownFileType = sourcecode.c.h; name = INVAudioService.h; path = AudioService/INVAudioService.h; sourceTree = "<group>"; };
		7ACC3FE01BCA4EEC0009011F /* INVAudioService.m */ = {isa = PBXFileReference; fileEncoding = 4; lastKnownFileType = sourcecode.c.objc; name = INVAudioService.m; path = AudioService/INVAudioService.m; sourceTree = "<group>"; };
		7ACC3FE21BCA506F0009011F /* AVFoundation.framework */ = {isa = PBXFileReference; lastKnownFileType = wrapper.framework; name = AVFoundation.framework; path = System/Library/Frameworks/AVFoundation.framework; sourceTree = SDKROOT; };
		7AD0E45D1BB376EB007B775B /* MuzOn.app */ = {isa = PBXFileReference; explicitFileType = wrapper.application; includeInIndex = 0; path = MuzOn.app; sourceTree = BUILT_PRODUCTS_DIR; };
		7AD0E4631BB376EB007B775B /* AppDelegate.h */ = {isa = PBXFileReference; lastKnownFileType = sourcecode.c.h; path = AppDelegate.h; sourceTree = "<group>"; };
		7AD0E4641BB376EB007B775B /* AppDelegate.m */ = {isa = PBXFileReference; lastKnownFileType = sourcecode.c.objc; path = AppDelegate.m; sourceTree = "<group>"; };
		7AD0E46D1BB376EB007B775B /* MuzOn.xcdatamodel */ = {isa = PBXFileReference; lastKnownFileType = wrapper.xcdatamodel; path = MuzOn.xcdatamodel; sourceTree = "<group>"; };
		7AD0E46F1BB376EB007B775B /* Assets.xcassets */ = {isa = PBXFileReference; lastKnownFileType = folder.assetcatalog; path = Assets.xcassets; sourceTree = "<group>"; };
		7AD0E4741BB376EB007B775B /* Info.plist */ = {isa = PBXFileReference; lastKnownFileType = text.plist.xml; path = Info.plist; sourceTree = "<group>"; };
		7AD0E4791BB376EB007B775B /* MuzOnTests.xctest */ = {isa = PBXFileReference; explicitFileType = wrapper.cfbundle; includeInIndex = 0; path = MuzOnTests.xctest; sourceTree = BUILT_PRODUCTS_DIR; };
		7AD0E47D1BB376EB007B775B /* MuzOnTests.m */ = {isa = PBXFileReference; lastKnownFileType = sourcecode.c.objc; path = MuzOnTests.m; sourceTree = "<group>"; };
		7AD0E47F1BB376EB007B775B /* Info.plist */ = {isa = PBXFileReference; lastKnownFileType = text.plist.xml; path = Info.plist; sourceTree = "<group>"; };
		7AD0E4841BB376EB007B775B /* MuzOnUITests.xctest */ = {isa = PBXFileReference; explicitFileType = wrapper.cfbundle; includeInIndex = 0; path = MuzOnUITests.xctest; sourceTree = BUILT_PRODUCTS_DIR; };
		7AD0E4881BB376EB007B775B /* MuzOnUITests.m */ = {isa = PBXFileReference; lastKnownFileType = sourcecode.c.objc; path = MuzOnUITests.m; sourceTree = "<group>"; };
		7AD0E48A1BB376EB007B775B /* Info.plist */ = {isa = PBXFileReference; lastKnownFileType = text.plist.xml; path = Info.plist; sourceTree = "<group>"; };
		7AD3F6CD1BC9E1EF00DA8F66 /* INVMenuScreen.h */ = {isa = PBXFileReference; fileEncoding = 4; lastKnownFileType = sourcecode.c.h; name = INVMenuScreen.h; path = Screens/MenuScreen/INVMenuScreen.h; sourceTree = "<group>"; };
		7AD3F6CE1BC9E1EF00DA8F66 /* INVMenuScreen.m */ = {isa = PBXFileReference; fileEncoding = 4; lastKnownFileType = sourcecode.c.objc; name = INVMenuScreen.m; path = Screens/MenuScreen/INVMenuScreen.m; sourceTree = "<group>"; };
		7AD3F6D01BC9E22A00DA8F66 /* INVAudioListVC.h */ = {isa = PBXFileReference; fileEncoding = 4; lastKnownFileType = sourcecode.c.h; name = INVAudioListVC.h; path = Screens/AudioList/INVAudioListVC.h; sourceTree = "<group>"; };
		7AD3F6D11BC9E22A00DA8F66 /* INVAudioListVC.m */ = {isa = PBXFileReference; fileEncoding = 4; lastKnownFileType = sourcecode.c.objc; name = INVAudioListVC.m; path = Screens/AudioList/INVAudioListVC.m; sourceTree = "<group>"; };
		7AD3F6D21BC9E22A00DA8F66 /* INVAudioListModel.h */ = {isa = PBXFileReference; fileEncoding = 4; lastKnownFileType = sourcecode.c.h; name = INVAudioListModel.h; path = Screens/AudioList/INVAudioListModel.h; sourceTree = "<group>"; };
		7AD3F6D31BC9E22A00DA8F66 /* INVAudioListModel.m */ = {isa = PBXFileReference; fileEncoding = 4; lastKnownFileType = sourcecode.c.objc; name = INVAudioListModel.m; path = Screens/AudioList/INVAudioListModel.m; sourceTree = "<group>"; };
		7AD3F6F31BC9EE0000DA8F66 /* CoreDataService.h */ = {isa = PBXFileReference; fileEncoding = 4; lastKnownFileType = sourcecode.c.h; name = CoreDataService.h; path = CoreData/CoreDataService.h; sourceTree = "<group>"; };
		7AD3F6F41BC9EE0000DA8F66 /* CoreDataService.m */ = {isa = PBXFileReference; fileEncoding = 4; lastKnownFileType = sourcecode.c.objc; name = CoreDataService.m; path = CoreData/CoreDataService.m; sourceTree = "<group>"; };
		7AD3F6F61BC9EF0E00DA8F66 /* CoreData.framework */ = {isa = PBXFileReference; lastKnownFileType = wrapper.framework; name = CoreData.framework; path = System/Library/Frameworks/CoreData.framework; sourceTree = SDKROOT; };
		F074AE7BF2E39347503C64F4 /* libPods-MuzOn.a */ = {isa = PBXFileReference; explicitFileType = archive.ar; includeInIndex = 0; path = "libPods-MuzOn.a"; sourceTree = BUILT_PRODUCTS_DIR; };
/* End PBXFileReference section */

/* Begin PBXFrameworksBuildPhase section */
		7AD0E45A1BB376EB007B775B /* Frameworks */ = {
			isa = PBXFrameworksBuildPhase;
			buildActionMask = 2147483647;
			files = (
				7ACC3FE31BCA506F0009011F /* AVFoundation.framework in Frameworks */,
				7AD3F6F71BC9EF0E00DA8F66 /* CoreData.framework in Frameworks */,
				3EED4ADFD63EA1DE84642582 /* libPods-MuzOn.a in Frameworks */,
			);
			runOnlyForDeploymentPostprocessing = 0;
		};
		7AD0E4761BB376EB007B775B /* Frameworks */ = {
			isa = PBXFrameworksBuildPhase;
			buildActionMask = 2147483647;
			files = (
			);
			runOnlyForDeploymentPostprocessing = 0;
		};
		7AD0E4811BB376EB007B775B /* Frameworks */ = {
			isa = PBXFrameworksBuildPhase;
			buildActionMask = 2147483647;
			files = (
			);
			runOnlyForDeploymentPostprocessing = 0;
		};
/* End PBXFrameworksBuildPhase section */

/* Begin PBXGroup section */
		39D87DD701A7F807EEF0096B /* Pods */ = {
			isa = PBXGroup;
			children = (
				4B7FB4A977D298E5A6C65156 /* Pods-MuzOn.debug.xcconfig */,
				3F6694F02528D26EA01B41B4 /* Pods-MuzOn.release.xcconfig */,
			);
			name = Pods;
			sourceTree = "<group>";
		};
		7A1885CD1BD29A85007E7DF7 /* Resource */ = {
			isa = PBXGroup;
			children = (
				7A1885CE1BD29ABF007E7DF7 /* Constants */,
			);
			name = Resource;
			sourceTree = "<group>";
		};
		7A1885CE1BD29ABF007E7DF7 /* Constants */ = {
			isa = PBXGroup;
			children = (
				7A1885CF1BD29ACD007E7DF7 /* StoryboardConstants.h */,
				7A1885D01BD29ACD007E7DF7 /* StoryboardConstants.m */,
			);
			name = Constants;
			sourceTree = "<group>";
		};
		7A1885D61BD2A0E7007E7DF7 /* Storyboard */ = {
			isa = PBXGroup;
			children = (
				7A1885D71BD2A107007E7DF7 /* Main.storyboard */,
				7A1885D81BD2A107007E7DF7 /* LaunchScreen.storyboard */,
			);
			name = Storyboard;
			sourceTree = "<group>";
		};
		7A2FFDAB1BCB2B980073283B /* AudioSingleView */ = {
			isa = PBXGroup;
			children = (
				7A2FFDAC1BCB2C5F0073283B /* INVAudioSingleModel.h */,
				7A2FFDAD1BCB2C5F0073283B /* INVAudioSingleModel.m */,
				7A2FFDAF1BCB2C930073283B /* INVAudioSingleVC.h */,
				7A2FFDB01BCB2C930073283B /* INVAudioSingleVC.m */,
			);
			name = AudioSingleView;
			sourceTree = "<group>";
		};
		7ACC3FDE1BCA4EBE0009011F /* AudioService */ = {
			isa = PBXGroup;
			children = (
				7ACC3FDF1BCA4EEC0009011F /* INVAudioService.h */,
				7ACC3FE01BCA4EEC0009011F /* INVAudioService.m */,
				7A1885DF1BD2BC74007E7DF7 /* INVAudioSaver.h */,
				7A1885E01BD2BC74007E7DF7 /* INVAudioSaver.m */,
			);
			name = AudioService;
			sourceTree = "<group>";
		};
		7AD0E4541BB376EB007B775B = {
			isa = PBXGroup;
			children = (
				7AD0E45F1BB376EB007B775B /* MuzOn */,
				7AD0E47C1BB376EB007B775B /* MuzOnTests */,
				7AD0E4871BB376EB007B775B /* MuzOnUITests */,
				7AD0E45E1BB376EB007B775B /* Products */,
				39D87DD701A7F807EEF0096B /* Pods */,
				CABC7EC96B54EDD4B6D0DF6A /* Frameworks */,
			);
			sourceTree = "<group>";
		};
		7AD0E45E1BB376EB007B775B /* Products */ = {
			isa = PBXGroup;
			children = (
				7AD0E45D1BB376EB007B775B /* MuzOn.app */,
				7AD0E4791BB376EB007B775B /* MuzOnTests.xctest */,
				7AD0E4841BB376EB007B775B /* MuzOnUITests.xctest */,
			);
			name = Products;
			sourceTree = "<group>";
		};
		7AD0E45F1BB376EB007B775B /* MuzOn */ = {
			isa = PBXGroup;
			children = (
				7ACC3FDE1BCA4EBE0009011F /* AudioService */,
				7AD3F6E21BC9EBB900DA8F66 /* CoreData */,
				7AD3F6C91BC9E1B600DA8F66 /* Screens */,
				7AD3F6C51BC9E19000DA8F66 /* VKService */,
				7AD0E4631BB376EB007B775B /* AppDelegate.h */,
				7AD0E4641BB376EB007B775B /* AppDelegate.m */,
				7AD0E46F1BB376EB007B775B /* Assets.xcassets */,
				7AD0E4741BB376EB007B775B /* Info.plist */,
				7A1885D61BD2A0E7007E7DF7 /* Storyboard */,
				7A1885CD1BD29A85007E7DF7 /* Resource */,
				7AD0E4601BB376EB007B775B /* Supporting Files */,
			);
			path = MuzOn;
			sourceTree = "<group>";
		};
		7AD0E4601BB376EB007B775B /* Supporting Files */ = {
			isa = PBXGroup;
			children = (
				7A1885DC1BD2A25F007E7DF7 /* main.m */,
				7A1885DD1BD2A25F007E7DF7 /* MuzOn.pch */,
			);
			name = "Supporting Files";
			sourceTree = "<group>";
		};
		7AD0E47C1BB376EB007B775B /* MuzOnTests */ = {
			isa = PBXGroup;
			children = (
				7AD0E47D1BB376EB007B775B /* MuzOnTests.m */,
				7AD0E47F1BB376EB007B775B /* Info.plist */,
			);
			path = MuzOnTests;
			sourceTree = "<group>";
		};
		7AD0E4871BB376EB007B775B /* MuzOnUITests */ = {
			isa = PBXGroup;
			children = (
				7AD0E4881BB376EB007B775B /* MuzOnUITests.m */,
				7AD0E48A1BB376EB007B775B /* Info.plist */,
			);
			path = MuzOnUITests;
			sourceTree = "<group>";
		};
		7AD3F6C51BC9E19000DA8F66 /* VKService */ = {
			isa = PBXGroup;
			children = (
				7ACC3FD51BCA457A0009011F /* INVVKManager.m */,
				7ACC3FD61BCA457A0009011F /* INVVKManager.h */,
			);
			name = VKService;
			sourceTree = "<group>";
		};
		7AD3F6C91BC9E1B600DA8F66 /* Screens */ = {
			isa = PBXGroup;
			children = (
				7A2FFDAB1BCB2B980073283B /* AudioSingleView */,
				7AD3F6CC1BC9E1DB00DA8F66 /* Menu */,
				7AD3F6CA1BC9E1BE00DA8F66 /* AudioList */,
			);
			name = Screens;
			sourceTree = "<group>";
		};
		7AD3F6CA1BC9E1BE00DA8F66 /* AudioList */ = {
			isa = PBXGroup;
			children = (
				7AD3F6D01BC9E22A00DA8F66 /* INVAudioListVC.h */,
				7AD3F6D11BC9E22A00DA8F66 /* INVAudioListVC.m */,
				7AD3F6D21BC9E22A00DA8F66 /* INVAudioListModel.h */,
				7AD3F6D31BC9E22A00DA8F66 /* INVAudioListModel.m */,
				7AD3F6CB1BC9E1CB00DA8F66 /* AudioListCell */,
			);
			name = AudioList;
			sourceTree = "<group>";
		};
		7AD3F6CB1BC9E1CB00DA8F66 /* AudioListCell */ = {
			isa = PBXGroup;
			children = (
				7ABC919E1BC9CE66004AFF01 /* INVAudioListCell.h */,
				7ABC919F1BC9CE66004AFF01 /* INVAudioListCell.m */,
				7ABC91A11BC9CE85004AFF01 /* INVAudioListCellModel.h */,
				7ABC91A21BC9CE85004AFF01 /* INVAudioListCellModel.m */,
			);
			name = AudioListCell;
			sourceTree = "<group>";
		};
		7AD3F6CC1BC9E1DB00DA8F66 /* Menu */ = {
			isa = PBXGroup;
			children = (
				7AD3F6CD1BC9E1EF00DA8F66 /* INVMenuScreen.h */,
				7AD3F6CE1BC9E1EF00DA8F66 /* INVMenuScreen.m */,
			);
			name = Menu;
			sourceTree = "<group>";
		};
		7AD3F6E21BC9EBB900DA8F66 /* CoreData */ = {
			isa = PBXGroup;
			children = (
				7AD3F6F31BC9EE0000DA8F66 /* CoreDataService.h */,
				7AD3F6F41BC9EE0000DA8F66 /* CoreDataService.m */,
				7AD3F6E91BC9EC0C00DA8F66 /* Entities */,
				7AD0E46C1BB376EB007B775B /* MuzOn.xcdatamodeld */,
			);
			name = CoreData;
			sourceTree = "<group>";
		};
		7AD3F6E91BC9EC0C00DA8F66 /* Entities */ = {
			isa = PBXGroup;
			children = (
				7ACC3FD81BCA48430009011F /* INVAudio+CoreDataProperties.h */,
				7ACC3FD91BCA48430009011F /* INVAudio+CoreDataProperties.m */,
				7ACC3FDA1BCA48430009011F /* INVAudio.h */,
				7ACC3FDB1BCA48430009011F /* INVAudio.m */,
			);
			name = Entities;
			sourceTree = "<group>";
		};
		CABC7EC96B54EDD4B6D0DF6A /* Frameworks */ = {
			isa = PBXGroup;
			children = (
				7ACC3FE21BCA506F0009011F /* AVFoundation.framework */,
				7AD3F6F61BC9EF0E00DA8F66 /* CoreData.framework */,
				F074AE7BF2E39347503C64F4 /* libPods-MuzOn.a */,
			);
			name = Frameworks;
			sourceTree = "<group>";
		};
/* End PBXGroup section */

/* Begin PBXNativeTarget section */
		7AD0E45C1BB376EB007B775B /* MuzOn */ = {
			isa = PBXNativeTarget;
			buildConfigurationList = 7AD0E48D1BB376EB007B775B /* Build configuration list for PBXNativeTarget "MuzOn" */;
			buildPhases = (
				FE6010C22ED7FDB4A2AA939D /* Check Pods Manifest.lock */,
				7AD0E4591BB376EB007B775B /* Sources */,
				7AD0E45A1BB376EB007B775B /* Frameworks */,
				7AD0E45B1BB376EB007B775B /* Resources */,
				3D374B532C88A2AA19F42660 /* Copy Pods Resources */,
				7A1885DB1BD2A13B007E7DF7 /* Generate Storyboard Constants */,
			);
			buildRules = (
			);
			dependencies = (
			);
			name = MuzOn;
			productName = MuzOn;
			productReference = 7AD0E45D1BB376EB007B775B /* MuzOn.app */;
			productType = "com.apple.product-type.application";
		};
		7AD0E4781BB376EB007B775B /* MuzOnTests */ = {
			isa = PBXNativeTarget;
			buildConfigurationList = 7AD0E4901BB376EB007B775B /* Build configuration list for PBXNativeTarget "MuzOnTests" */;
			buildPhases = (
				7AD0E4751BB376EB007B775B /* Sources */,
				7AD0E4761BB376EB007B775B /* Frameworks */,
				7AD0E4771BB376EB007B775B /* Resources */,
			);
			buildRules = (
			);
			dependencies = (
				7AD0E47B1BB376EB007B775B /* PBXTargetDependency */,
			);
			name = MuzOnTests;
			productName = MuzOnTests;
			productReference = 7AD0E4791BB376EB007B775B /* MuzOnTests.xctest */;
			productType = "com.apple.product-type.bundle.unit-test";
		};
		7AD0E4831BB376EB007B775B /* MuzOnUITests */ = {
			isa = PBXNativeTarget;
			buildConfigurationList = 7AD0E4931BB376EB007B775B /* Build configuration list for PBXNativeTarget "MuzOnUITests" */;
			buildPhases = (
				7AD0E4801BB376EB007B775B /* Sources */,
				7AD0E4811BB376EB007B775B /* Frameworks */,
				7AD0E4821BB376EB007B775B /* Resources */,
			);
			buildRules = (
			);
			dependencies = (
				7AD0E4861BB376EB007B775B /* PBXTargetDependency */,
			);
			name = MuzOnUITests;
			productName = MuzOnUITests;
			productReference = 7AD0E4841BB376EB007B775B /* MuzOnUITests.xctest */;
			productType = "com.apple.product-type.bundle.ui-testing";
		};
/* End PBXNativeTarget section */

/* Begin PBXProject section */
		7AD0E4551BB376EB007B775B /* Project object */ = {
			isa = PBXProject;
			attributes = {
				CLASSPREFIX = INV;
				LastUpgradeCheck = 0700;
				ORGANIZATIONNAME = inov;
				TargetAttributes = {
					7AD0E45C1BB376EB007B775B = {
						CreatedOnToolsVersion = 7.0;
						DevelopmentTeam = R8ND3H2VPD;
					};
					7AD0E4781BB376EB007B775B = {
						CreatedOnToolsVersion = 7.0;
						TestTargetID = 7AD0E45C1BB376EB007B775B;
					};
					7AD0E4831BB376EB007B775B = {
						CreatedOnToolsVersion = 7.0;
						TestTargetID = 7AD0E45C1BB376EB007B775B;
					};
				};
			};
			buildConfigurationList = 7AD0E4581BB376EB007B775B /* Build configuration list for PBXProject "MuzOn" */;
			compatibilityVersion = "Xcode 3.2";
			developmentRegion = English;
			hasScannedForEncodings = 0;
			knownRegions = (
				en,
				Base,
			);
			mainGroup = 7AD0E4541BB376EB007B775B;
			productRefGroup = 7AD0E45E1BB376EB007B775B /* Products */;
			projectDirPath = "";
			projectRoot = "";
			targets = (
				7AD0E45C1BB376EB007B775B /* MuzOn */,
				7AD0E4781BB376EB007B775B /* MuzOnTests */,
				7AD0E4831BB376EB007B775B /* MuzOnUITests */,
			);
		};
/* End PBXProject section */

/* Begin PBXResourcesBuildPhase section */
		7AD0E45B1BB376EB007B775B /* Resources */ = {
			isa = PBXResourcesBuildPhase;
			buildActionMask = 2147483647;
			files = (
				7A1885DA1BD2A107007E7DF7 /* LaunchScreen.storyboard in Resources */,
				7AD0E4701BB376EB007B775B /* Assets.xcassets in Resources */,
				7A1885D91BD2A107007E7DF7 /* Main.storyboard in Resources */,
			);
			runOnlyForDeploymentPostprocessing = 0;
		};
		7AD0E4771BB376EB007B775B /* Resources */ = {
			isa = PBXResourcesBuildPhase;
			buildActionMask = 2147483647;
			files = (
			);
			runOnlyForDeploymentPostprocessing = 0;
		};
		7AD0E4821BB376EB007B775B /* Resources */ = {
			isa = PBXResourcesBuildPhase;
			buildActionMask = 2147483647;
			files = (
			);
			runOnlyForDeploymentPostprocessing = 0;
		};
/* End PBXResourcesBuildPhase section */

/* Begin PBXShellScriptBuildPhase section */
		3D374B532C88A2AA19F42660 /* Copy Pods Resources */ = {
			isa = PBXShellScriptBuildPhase;
			buildActionMask = 2147483647;
			files = (
			);
			inputPaths = (
			);
			name = "Copy Pods Resources";
			outputPaths = (
			);
			runOnlyForDeploymentPostprocessing = 0;
			shellPath = /bin/sh;
			shellScript = "\"${SRCROOT}/Pods/Target Support Files/Pods-MuzOn/Pods-MuzOn-resources.sh\"\n";
			showEnvVarsInLog = 0;
		};
		7A1885DB1BD2A13B007E7DF7 /* Generate Storyboard Constants */ = {
			isa = PBXShellScriptBuildPhase;
			buildActionMask = 2147483647;
			files = (
			);
			inputPaths = (
				"$(SRCROOT)/$(PROJECT_NAME)/Storyboard/Main.storyboard",
			);
			name = "Generate Storyboard Constants";
			outputPaths = (
				"${SRCROOT}/$(PROJECT_NAME)/Resource/Constants/StoryboardConstants.h",
				"${SRCROOT}/$(PROJECT_NAME)/Resource/Constants/StoryboardConstants.m",
			);
			runOnlyForDeploymentPostprocessing = 0;
			shellPath = /bin/sh;
			shellScript = "python \"${SRCROOT}/Scripts/generate_constants.py\" \"${SCRIPT_OUTPUT_FILE_0}\" \"${SCRIPT_OUTPUT_FILE_1}\"";
		};
		FE6010C22ED7FDB4A2AA939D /* Check Pods Manifest.lock */ = {
			isa = PBXShellScriptBuildPhase;
			buildActionMask = 2147483647;
			files = (
			);
			inputPaths = (
			);
			name = "Check Pods Manifest.lock";
			outputPaths = (
			);
			runOnlyForDeploymentPostprocessing = 0;
			shellPath = /bin/sh;
			shellScript = "diff \"${PODS_ROOT}/../Podfile.lock\" \"${PODS_ROOT}/Manifest.lock\" > /dev/null\nif [[ $? != 0 ]] ; then\n    cat << EOM\nerror: The sandbox is not in sync with the Podfile.lock. Run 'pod install' or update your CocoaPods installation.\nEOM\n    exit 1\nfi\n";
			showEnvVarsInLog = 0;
		};
/* End PBXShellScriptBuildPhase section */

/* Begin PBXSourcesBuildPhase section */
		7AD0E4591BB376EB007B775B /* Sources */ = {
			isa = PBXSourcesBuildPhase;
			buildActionMask = 2147483647;
			files = (
				7AD0E4651BB376EB007B775B /* AppDelegate.m in Sources */,
				7ACC3FD71BCA457A0009011F /* INVVKManager.m in Sources */,
				7ACC3FDC1BCA48430009011F /* INVAudio+CoreDataProperties.m in Sources */,
				7AD0E46E1BB376EB007B775B /* MuzOn.xcdatamodeld in Sources */,
				7ACC3FE11BCA4EEC0009011F /* INVAudioService.m in Sources */,
				7A1885D11BD29ACD007E7DF7 /* StoryboardConstants.m in Sources */,
				7A1885DE1BD2A25F007E7DF7 /* main.m in Sources */,
				7ABC91A01BC9CE66004AFF01 /* INVAudioListCell.m in Sources */,
				7ABC91A31BC9CE85004AFF01 /* INVAudioListCellModel.m in Sources */,
				7A2FFDB11BCB2C930073283B /* INVAudioSingleVC.m in Sources */,
				7A2FFDAE1BCB2C5F0073283B /* INVAudioSingleModel.m in Sources */,
				7AD3F6CF1BC9E1EF00DA8F66 /* INVMenuScreen.m in Sources */,
				7ACC3FDD1BCA48430009011F /* INVAudio.m in Sources */,
				7AD3F6D51BC9E22A00DA8F66 /* INVAudioListModel.m in Sources */,
				7A1885E11BD2BC74007E7DF7 /* INVAudioSaver.m in Sources */,
				7AD3F6F51BC9EE0000DA8F66 /* CoreDataService.m in Sources */,
				7AD3F6D41BC9E22A00DA8F66 /* INVAudioListVC.m in Sources */,
			);
			runOnlyForDeploymentPostprocessing = 0;
		};
		7AD0E4751BB376EB007B775B /* Sources */ = {
			isa = PBXSourcesBuildPhase;
			buildActionMask = 2147483647;
			files = (
				7AD0E47E1BB376EB007B775B /* MuzOnTests.m in Sources */,
			);
			runOnlyForDeploymentPostprocessing = 0;
		};
		7AD0E4801BB376EB007B775B /* Sources */ = {
			isa = PBXSourcesBuildPhase;
			buildActionMask = 2147483647;
			files = (
				7AD0E4891BB376EB007B775B /* MuzOnUITests.m in Sources */,
			);
			runOnlyForDeploymentPostprocessing = 0;
		};
/* End PBXSourcesBuildPhase section */

/* Begin PBXTargetDependency section */
		7AD0E47B1BB376EB007B775B /* PBXTargetDependency */ = {
			isa = PBXTargetDependency;
			target = 7AD0E45C1BB376EB007B775B /* MuzOn */;
			targetProxy = 7AD0E47A1BB376EB007B775B /* PBXContainerItemProxy */;
		};
		7AD0E4861BB376EB007B775B /* PBXTargetDependency */ = {
			isa = PBXTargetDependency;
			target = 7AD0E45C1BB376EB007B775B /* MuzOn */;
			targetProxy = 7AD0E4851BB376EB007B775B /* PBXContainerItemProxy */;
		};
/* End PBXTargetDependency section */

/* Begin XCBuildConfiguration section */
		7AD0E48B1BB376EB007B775B /* Debug */ = {
			isa = XCBuildConfiguration;
			buildSettings = {
				ALWAYS_SEARCH_USER_PATHS = NO;
				CLANG_CXX_LANGUAGE_STANDARD = "gnu++0x";
				CLANG_CXX_LIBRARY = "libc++";
				CLANG_ENABLE_MODULES = YES;
				CLANG_ENABLE_OBJC_ARC = YES;
				CLANG_WARN_BOOL_CONVERSION = YES;
				CLANG_WARN_CONSTANT_CONVERSION = YES;
				CLANG_WARN_DIRECT_OBJC_ISA_USAGE = YES_ERROR;
				CLANG_WARN_EMPTY_BODY = YES;
				CLANG_WARN_ENUM_CONVERSION = YES;
				CLANG_WARN_INT_CONVERSION = YES;
				CLANG_WARN_OBJC_ROOT_CLASS = YES_ERROR;
				CLANG_WARN_UNREACHABLE_CODE = YES;
				CLANG_WARN__DUPLICATE_METHOD_MATCH = YES;
				"CODE_SIGN_IDENTITY[sdk=iphoneos*]" = "iPhone Developer";
				COPY_PHASE_STRIP = NO;
				DEBUG_INFORMATION_FORMAT = dwarf;
				ENABLE_STRICT_OBJC_MSGSEND = YES;
				ENABLE_TESTABILITY = YES;
				GCC_C_LANGUAGE_STANDARD = gnu99;
				GCC_DYNAMIC_NO_PIC = NO;
				GCC_NO_COMMON_BLOCKS = YES;
				GCC_OPTIMIZATION_LEVEL = 0;
				GCC_PREPROCESSOR_DEFINITIONS = (
					"DEBUG=1",
					"$(inherited)",
				);
				GCC_WARN_64_TO_32_BIT_CONVERSION = YES;
				GCC_WARN_ABOUT_RETURN_TYPE = YES_ERROR;
				GCC_WARN_UNDECLARED_SELECTOR = YES;
				GCC_WARN_UNINITIALIZED_AUTOS = YES_AGGRESSIVE;
				GCC_WARN_UNUSED_FUNCTION = YES;
				GCC_WARN_UNUSED_VARIABLE = YES;
				IPHONEOS_DEPLOYMENT_TARGET = 9.0;
				MTL_ENABLE_DEBUG_INFO = YES;
				ONLY_ACTIVE_ARCH = YES;
				SDKROOT = iphoneos;
			};
			name = Debug;
		};
		7AD0E48C1BB376EB007B775B /* Release */ = {
			isa = XCBuildConfiguration;
			buildSettings = {
				ALWAYS_SEARCH_USER_PATHS = NO;
				CLANG_CXX_LANGUAGE_STANDARD = "gnu++0x";
				CLANG_CXX_LIBRARY = "libc++";
				CLANG_ENABLE_MODULES = YES;
				CLANG_ENABLE_OBJC_ARC = YES;
				CLANG_WARN_BOOL_CONVERSION = YES;
				CLANG_WARN_CONSTANT_CONVERSION = YES;
				CLANG_WARN_DIRECT_OBJC_ISA_USAGE = YES_ERROR;
				CLANG_WARN_EMPTY_BODY = YES;
				CLANG_WARN_ENUM_CONVERSION = YES;
				CLANG_WARN_INT_CONVERSION = YES;
				CLANG_WARN_OBJC_ROOT_CLASS = YES_ERROR;
				CLANG_WARN_UNREACHABLE_CODE = YES;
				CLANG_WARN__DUPLICATE_METHOD_MATCH = YES;
				"CODE_SIGN_IDENTITY[sdk=iphoneos*]" = "iPhone Developer";
				COPY_PHASE_STRIP = NO;
				DEBUG_INFORMATION_FORMAT = "dwarf-with-dsym";
				ENABLE_NS_ASSERTIONS = NO;
				ENABLE_STRICT_OBJC_MSGSEND = YES;
				GCC_C_LANGUAGE_STANDARD = gnu99;
				GCC_NO_COMMON_BLOCKS = YES;
				GCC_WARN_64_TO_32_BIT_CONVERSION = YES;
				GCC_WARN_ABOUT_RETURN_TYPE = YES_ERROR;
				GCC_WARN_UNDECLARED_SELECTOR = YES;
				GCC_WARN_UNINITIALIZED_AUTOS = YES_AGGRESSIVE;
				GCC_WARN_UNUSED_FUNCTION = YES;
				GCC_WARN_UNUSED_VARIABLE = YES;
				IPHONEOS_DEPLOYMENT_TARGET = 9.0;
				MTL_ENABLE_DEBUG_INFO = NO;
				SDKROOT = iphoneos;
				VALIDATE_PRODUCT = YES;
			};
			name = Release;
		};
		7AD0E48E1BB376EB007B775B /* Debug */ = {
			isa = XCBuildConfiguration;
			baseConfigurationReference = 4B7FB4A977D298E5A6C65156 /* Pods-MuzOn.debug.xcconfig */;
			buildSettings = {
				ASSETCATALOG_COMPILER_APPICON_NAME = AppIcon;
				CODE_SIGN_IDENTITY = "iPhone Developer";
				"CODE_SIGN_IDENTITY[sdk=iphoneos*]" = "iPhone Developer";
				GCC_PREFIX_HEADER = "MuzOn/Supporting Files/MuzOn.pch";
				INFOPLIST_FILE = MuzOn/Info.plist;
				LD_RUNPATH_SEARCH_PATHS = "$(inherited) @executable_path/Frameworks";
				PRODUCT_BUNDLE_IDENTIFIER = INV.MuzOn;
				PRODUCT_NAME = "$(TARGET_NAME)";
				PROVISIONING_PROFILE = "";
				TARGETED_DEVICE_FAMILY = "1,2";
			};
			name = Debug;
		};
		7AD0E48F1BB376EB007B775B /* Release */ = {
			isa = XCBuildConfiguration;
			baseConfigurationReference = 3F6694F02528D26EA01B41B4 /* Pods-MuzOn.release.xcconfig */;
			buildSettings = {
				ASSETCATALOG_COMPILER_APPICON_NAME = AppIcon;
				CODE_SIGN_IDENTITY = "iPhone Developer";
				"CODE_SIGN_IDENTITY[sdk=iphoneos*]" = "iPhone Developer";
				GCC_PREFIX_HEADER = "MuzOn/Supporting Files/MuzOn.pch";
				INFOPLIST_FILE = MuzOn/Info.plist;
				LD_RUNPATH_SEARCH_PATHS = "$(inherited) @executable_path/Frameworks";
				PRODUCT_BUNDLE_IDENTIFIER = INV.MuzOn;
				PRODUCT_NAME = "$(TARGET_NAME)";
				PROVISIONING_PROFILE = "";
				TARGETED_DEVICE_FAMILY = "1,2";
			};
			name = Release;
		};
		7AD0E4911BB376EB007B775B /* Debug */ = {
			isa = XCBuildConfiguration;
			buildSettings = {
				BUNDLE_LOADER = "$(TEST_HOST)";
				INFOPLIST_FILE = MuzOnTests/Info.plist;
				LD_RUNPATH_SEARCH_PATHS = "$(inherited) @executable_path/Frameworks @loader_path/Frameworks";
				PRODUCT_BUNDLE_IDENTIFIER = INV.MuzOnTests;
				PRODUCT_NAME = "$(TARGET_NAME)";
				TEST_HOST = "$(BUILT_PRODUCTS_DIR)/MuzOn.app/MuzOn";
			};
			name = Debug;
		};
		7AD0E4921BB376EB007B775B /* Release */ = {
			isa = XCBuildConfiguration;
			buildSettings = {
				BUNDLE_LOADER = "$(TEST_HOST)";
				INFOPLIST_FILE = MuzOnTests/Info.plist;
				LD_RUNPATH_SEARCH_PATHS = "$(inherited) @executable_path/Frameworks @loader_path/Frameworks";
				PRODUCT_BUNDLE_IDENTIFIER = INV.MuzOnTests;
				PRODUCT_NAME = "$(TARGET_NAME)";
				TEST_HOST = "$(BUILT_PRODUCTS_DIR)/MuzOn.app/MuzOn";
			};
			name = Release;
		};
		7AD0E4941BB376EB007B775B /* Debug */ = {
			isa = XCBuildConfiguration;
			buildSettings = {
				INFOPLIST_FILE = MuzOnUITests/Info.plist;
				LD_RUNPATH_SEARCH_PATHS = "$(inherited) @executable_path/Frameworks @loader_path/Frameworks";
				PRODUCT_BUNDLE_IDENTIFIER = INV.MuzOnUITests;
				PRODUCT_NAME = "$(TARGET_NAME)";
				TEST_TARGET_NAME = MuzOn;
				USES_XCTRUNNER = YES;
			};
			name = Debug;
		};
		7AD0E4951BB376EB007B775B /* Release */ = {
			isa = XCBuildConfiguration;
			buildSettings = {
				INFOPLIST_FILE = MuzOnUITests/Info.plist;
				LD_RUNPATH_SEARCH_PATHS = "$(inherited) @executable_path/Frameworks @loader_path/Frameworks";
				PRODUCT_BUNDLE_IDENTIFIER = INV.MuzOnUITests;
				PRODUCT_NAME = "$(TARGET_NAME)";
				TEST_TARGET_NAME = MuzOn;
				USES_XCTRUNNER = YES;
			};
			name = Release;
		};
/* End XCBuildConfiguration section */

/* Begin XCConfigurationList section */
		7AD0E4581BB376EB007B775B /* Build configuration list for PBXProject "MuzOn" */ = {
			isa = XCConfigurationList;
			buildConfigurations = (
				7AD0E48B1BB376EB007B775B /* Debug */,
				7AD0E48C1BB376EB007B775B /* Release */,
			);
			defaultConfigurationIsVisible = 0;
			defaultConfigurationName = Release;
		};
		7AD0E48D1BB376EB007B775B /* Build configuration list for PBXNativeTarget "MuzOn" */ = {
			isa = XCConfigurationList;
			buildConfigurations = (
				7AD0E48E1BB376EB007B775B /* Debug */,
				7AD0E48F1BB376EB007B775B /* Release */,
			);
			defaultConfigurationIsVisible = 0;
			defaultConfigurationName = Release;
		};
		7AD0E4901BB376EB007B775B /* Build configuration list for PBXNativeTarget "MuzOnTests" */ = {
			isa = XCConfigurationList;
			buildConfigurations = (
				7AD0E4911BB376EB007B775B /* Debug */,
				7AD0E4921BB376EB007B775B /* Release */,
			);
			defaultConfigurationIsVisible = 0;
			defaultConfigurationName = Release;
		};
		7AD0E4931BB376EB007B775B /* Build configuration list for PBXNativeTarget "MuzOnUITests" */ = {
			isa = XCConfigurationList;
			buildConfigurations = (
				7AD0E4941BB376EB007B775B /* Debug */,
				7AD0E4951BB376EB007B775B /* Release */,
			);
			defaultConfigurationIsVisible = 0;
			defaultConfigurationName = Release;
		};
/* End XCConfigurationList section */

/* Begin XCVersionGroup section */
		7AD0E46C1BB376EB007B775B /* MuzOn.xcdatamodeld */ = {
			isa = XCVersionGroup;
			children = (
				7AD0E46D1BB376EB007B775B /* MuzOn.xcdatamodel */,
			);
			currentVersion = 7AD0E46D1BB376EB007B775B /* MuzOn.xcdatamodel */;
			path = MuzOn.xcdatamodeld;
			sourceTree = "<group>";
			versionGroupType = wrapper.xcdatamodel;
		};
/* End XCVersionGroup section */
	};
	rootObject = 7AD0E4551BB376EB007B775B /* Project object */;
}
